
Microsoft Visual Studio Solution File, Format Version 12.00
# Visual Studio Version 17
VisualStudioVersion = 17.8.34330.188
MinimumVisualStudioVersion = 10.0.40219.1
Project("{FAE04EC0-301F-11D3-BF4B-00C04F79EFBC}") = "SutUpdateAv", "SutUpdateAv.csproj", "{1F0EDAFC-777A-4B85-8F50-71FE5DB3C930}"
EndProject
Project("{9A19103F-16F7-4668-BE54-9A1E7A4F7556}") = "UoCommon", "..\UoCommon\UoCommon.csproj", "{8ED4F9C6-0BCA-4469-BCD1-9B22D348F4EB}"
EndProject
Global
	GlobalSection(SolutionConfigurationPlatforms) = preSolution
		Debug|Any CPU = Debug|Any CPU
		Release|Any CPU = Release|Any CPU
	EndGlobalSection
	GlobalSection(ProjectConfigurationPlatforms) = postSolution
		{1F0EDAFC-777A-4B85-8F50-71FE5DB3C930}.Debug|Any CPU.ActiveCfg = Debug|Any CPU
		{1F0EDAFC-777A-4B85-8F50-71FE5DB3C930}.Debug|Any CPU.Build.0 = Debug|Any CPU
		{1F0EDAFC-777A-4B85-8F50-71FE5DB3C930}.Release|Any CPU.ActiveCfg = Release|Any CPU
		{1F0EDAFC-777A-4B85-8F50-71FE5DB3C930}.Release|Any CPU.Build.0 = Release|Any CPU
		{8ED4F9C6-0BCA-4469-BCD1-9B22D348F4EB}.Debug|Any CPU.ActiveCfg = Debug|Any CPU
		{8ED4F9C6-0BCA-4469-BCD1-9B22D348F4EB}.Debug|Any CPU.Build.0 = Debug|Any CPU
		{8ED4F9C6-0BCA-4469-BCD1-9B22D348F4EB}.Release|Any CPU.ActiveCfg = Release|Any CPU
		{8ED4F9C6-0BCA-4469-BCD1-9B22D348F4EB}.Release|Any CPU.Build.0 = Release|Any CPU
	EndGlobalSection
	GlobalSection(SolutionProperties) = preSolution
		HideSolutionNode = FALSE
	EndGlobalSection
	GlobalSection(ExtensibilityGlobals) = postSolution
		SolutionGuid = {3FDE83BF-5620-498C-9E1B-738E527DB867}
	EndGlobalSection
EndGlobal
